{
  "name": "node-red-contrib-cron",
  "version": "0.1.3",
  "lockfileVersion": 1,
  "requires": true,
  "dependencies": {
    "cronosjs": {
      "version": "1.2.1",
      "resolved": "https://registry.npmjs.org/cronosjs/-/cronosjs-1.2.1.tgz",
      "integrity": "sha512-sXPbUGHVGBz8yOT0/g2LBEDcmgXfOny8dPxY0MHZ0+cSqRbJUl6Sy/H4o833fIKbIyPVNZZn+nFr37S09e320A=="
    },
    "cronstrue": {
      "version": "1.81.0",
      "resolved": "github:bradymholt/cRonstrue#11e1818d1c8a9f8f970339eebe1e7c2215b01513"
    },
    "parse-ms": {
      "version": "2.1.0",
      "resolved": "https://registry.npmjs.org/parse-ms/-/parse-ms-2.1.0.tgz",
      "integrity": "sha512-kHt7kzLoS9VBZfUsiKjv43mr91ea+U05EyKkEtqp7vNbHxmaVuEqN7XxeEVnGrMtYOAxGrDElSi96K7EgO1zCA=="
    },
    "pretty-ms": {
      "version": "5.0.0",
      "resolved": "https://registry.npmjs.org/pretty-ms/-/pretty-ms-5.0.0.tgz",
      "integrity": "sha512-94VRYjL9k33RzfKiGokPBPpsmloBYSf5Ri+Pq19zlsEcUKFob+admeXr5eFDRuPjFmEOcjJvPGdillYOJyvZ7Q==",
      "requires": {
        "parse-ms": "^2.1.0"
      }
    }
  }
}
